
Microsoft Visual Studio Solution File, Format Version 12.00
# Visual Studio Version 17
VisualStudioVersion = 17.5.002.0
MinimumVisualStudioVersion = 10.0.40219.1
Project("{9A19103F-16F7-4668-BE54-9A1E7A4F7556}") = "Mango.Services.CouponAPI", "Mango.Services.CouponAPI.csproj", "{E0E1F299-E87E-4FE1-A973-3F1A10DB82B6}"
EndProject
Global
	GlobalSection(SolutionConfigurationPlatforms) = preSolution
		Debug|Any CPU = Debug|Any CPU
		Release|Any CPU = Release|Any CPU
	EndGlobalSection
	GlobalSection(ProjectConfigurationPlatforms) = postSolution
		{E0E1F299-E87E-4FE1-A973-3F1A10DB82B6}.Debug|Any CPU.ActiveCfg = Debug|Any CPU
		{E0E1F299-E87E-4FE1-A973-3F1A10DB82B6}.Debug|Any CPU.Build.0 = Debug|Any CPU
		{E0E1F299-E87E-4FE1-A973-3F1A10DB82B6}.Release|Any CPU.ActiveCfg = Release|Any CPU
		{E0E1F299-E87E-4FE1-A973-3F1A10DB82B6}.Release|Any CPU.Build.0 = Release|Any CPU
	EndGlobalSection
	GlobalSection(SolutionProperties) = preSolution
		HideSolutionNode = FALSE
	EndGlobalSection
	GlobalSection(ExtensibilityGlobals) = postSolution
		SolutionGuid = {60D88275-E281-4659-90D5-BAEBAF0C2674}
	EndGlobalSection
EndGlobal
